
Microsoft Visual Studio Solution File, Format Version 12.00
# Visual Studio 14
VisualStudioVersion = 14.0.25420.1
MinimumVisualStudioVersion = 10.0.40219.1
Project("{FAE04EC0-301F-11D3-BF4B-00C04F79EFBC}") = "AppreciationPortal", "AppreciationPortal\AppreciationPortal.csproj", "{B030EC13-50A2-4981-BB4D-60B865C4745D}"
EndProject
Global
	GlobalSection(SolutionConfigurationPlatforms) = preSolution
		Debug|Any CPU = Debug|Any CPU
		Release|Any CPU = Release|Any CPU
	EndGlobalSection
	GlobalSection(ProjectConfigurationPlatforms) = postSolution
		{B030EC13-50A2-4981-BB4D-60B865C4745D}.Debug|Any CPU.ActiveCfg = Debug|Any CPU
		{B030EC13-50A2-4981-BB4D-60B865C4745D}.Debug|Any CPU.Build.0 = Debug|Any CPU
		{B030EC13-50A2-4981-BB4D-60B865C4745D}.Release|Any CPU.ActiveCfg = Release|Any CPU
		{B030EC13-50A2-4981-BB4D-60B865C4745D}.Release|Any CPU.Build.0 = Release|Any CPU
	EndGlobalSection
	GlobalSection(SolutionProperties) = preSolution
		HideSolutionNode = FALSE
	EndGlobalSection
EndGlobal
